// !$*UTF8*$!
{
	archiveVersion = 1;
	classes = {
	};
	objectVersion = 50;
	objects = {

/* Begin PBXBuildFile section */
		071E93F9F6391B809B99052B /* Pods_myContactListTests.framework in Frameworks */ = {isa = PBXBuildFile; fileRef = A3AE6C077CF13521436FC55F /* Pods_myContactListTests.framework */; };
		4574CD93EE3407F6B1030A7E /* Pods_myContactListUITests.framework in Frameworks */ = {isa = PBXBuildFile; fileRef = 3A16F72BF23CCA6DA677C31F /* Pods_myContactListUITests.framework */; };
		4E97EC20C895ED0F7C3742D4 /* Pods_myContactList.framework in Frameworks */ = {isa = PBXBuildFile; fileRef = E2F94694529A0B5367C52B17 /* Pods_myContactList.framework */; };
		CE8DF3552287542C00D4A628 /* AppDelegate.swift in Sources */ = {isa = PBXBuildFile; fileRef = CE8DF3542287542C00D4A628 /* AppDelegate.swift */; };
		CE8DF36A2287542D00D4A628 /* myContactListTests.swift in Sources */ = {isa = PBXBuildFile; fileRef = CE8DF3692287542D00D4A628 /* myContactListTests.swift */; };
		CE8DF3752287542D00D4A628 /* myContactListUITests.swift in Sources */ = {isa = PBXBuildFile; fileRef = CE8DF3742287542D00D4A628 /* myContactListUITests.swift */; };
		CE8DF39C2287EAF200D4A628 /* ExtView.swift in Sources */ = {isa = PBXBuildFile; fileRef = CE8DF3832287EAF200D4A628 /* ExtView.swift */; };
		CE8DF39D2287EAF200D4A628 /* Contacts.swift in Sources */ = {isa = PBXBuildFile; fileRef = CE8DF3852287EAF200D4A628 /* Contacts.swift */; };
		CE8DF39E2287EAF200D4A628 /* Assets.xcassets in Resources */ = {isa = PBXBuildFile; fileRef = CE8DF3872287EAF200D4A628 /* Assets.xcassets */; };
		CE8DF39F2287EAF200D4A628 /* LaunchScreen.storyboard in Resources */ = {isa = PBXBuildFile; fileRef = CE8DF3882287EAF200D4A628 /* LaunchScreen.storyboard */; };
		CE8DF3A02287EAF200D4A628 /* Main.storyboard in Resources */ = {isa = PBXBuildFile; fileRef = CE8DF38A2287EAF200D4A628 /* Main.storyboard */; };
		CE8DF3A12287EAF200D4A628 /* AFApiClient.swift in Sources */ = {isa = PBXBuildFile; fileRef = CE8DF38D2287EAF200D4A628 /* AFApiClient.swift */; };
		CE8DF3A22287EAF200D4A628 /* ServiceContacts.swift in Sources */ = {isa = PBXBuildFile; fileRef = CE8DF38E2287EAF200D4A628 /* ServiceContacts.swift */; };
		CE8DF3A32287EAF200D4A628 /* VCContactDetail.swift in Sources */ = {isa = PBXBuildFile; fileRef = CE8DF3912287EAF200D4A628 /* VCContactDetail.swift */; };
		CE8DF3A42287EAF200D4A628 /* ViewContactDetail.swift in Sources */ = {isa = PBXBuildFile; fileRef = CE8DF3922287EAF200D4A628 /* ViewContactDetail.swift */; };
		CE8DF3A52287EAF200D4A628 /* CellContact.xib in Resources */ = {isa = PBXBuildFile; fileRef = CE8DF3942287EAF200D4A628 /* CellContact.xib */; };
		CE8DF3A62287EAF200D4A628 /* ViewContactList.xib in Resources */ = {isa = PBXBuildFile; fileRef = CE8DF3952287EAF200D4A628 /* ViewContactList.xib */; };
		CE8DF3A72287EAF200D4A628 /* CellContact.swift in Sources */ = {isa = PBXBuildFile; fileRef = CE8DF3962287EAF200D4A628 /* CellContact.swift */; };
		CE8DF3A82287EAF200D4A628 /* VCContactList.swift in Sources */ = {isa = PBXBuildFile; fileRef = CE8DF3972287EAF200D4A628 /* VCContactList.swift */; };
		CE8DF3A92287EAF200D4A628 /* ViewContactList.swift in Sources */ = {isa = PBXBuildFile; fileRef = CE8DF3982287EAF200D4A628 /* ViewContactList.swift */; };
		CE8DF3AA2287EAF200D4A628 /* VCContactEdit.swift in Sources */ = {isa = PBXBuildFile; fileRef = CE8DF39A2287EAF200D4A628 /* VCContactEdit.swift */; };
		CE8DF3AB2287EAF200D4A628 /* ViewContactEdit.swift in Sources */ = {isa = PBXBuildFile; fileRef = CE8DF39B2287EAF200D4A628 /* ViewContactEdit.swift */; };
		CE8DF3AF229A983800D4A628 /* ViewContactDetail.xib in Resources */ = {isa = PBXBuildFile; fileRef = CE8DF3AC229A983800D4A628 /* ViewContactDetail.xib */; };
		CE8DF3B0229A983800D4A628 /* CellContactDetail.xib in Resources */ = {isa = PBXBuildFile; fileRef = CE8DF3AD229A983800D4A628 /* CellContactDetail.xib */; };
		CE8DF3B1229A983800D4A628 /* CellContactDetail.swift in Sources */ = {isa = PBXBuildFile; fileRef = CE8DF3AE229A983800D4A628 /* CellContactDetail.swift */; };
		CE8DF3B5229AAC8A00D4A628 /* ImageRound.swift in Sources */ = {isa = PBXBuildFile; fileRef = CE8DF3B4229AAC8A00D4A628 /* ImageRound.swift */; };
/* End PBXBuildFile section */

/* Begin PBXContainerItemProxy section */
		CE8DF3662287542D00D4A628 /* PBXContainerItemProxy */ = {
			isa = PBXContainerItemProxy;
			containerPortal = CE8DF3492287542C00D4A628 /* Project object */;
			proxyType = 1;
			remoteGlobalIDString = CE8DF3502287542C00D4A628;
			remoteInfo = myContactList;
		};
		CE8DF3712287542D00D4A628 /* PBXContainerItemProxy */ = {
			isa = PBXContainerItemProxy;
			containerPortal = CE8DF3492287542C00D4A628 /* Project object */;
			proxyType = 1;
			remoteGlobalIDString = CE8DF3502287542C00D4A628;
			remoteInfo = myContactList;
		};
/* End PBXContainerItemProxy section */

/* Begin PBXFileReference section */
		0CC046654F36EAD9618D1E0A /* Pods-myContactList.release.xcconfig */ = {isa = PBXFileReference; includeInIndex = 1; lastKnownFileType = text.xcconfig; name = "Pods-myContactList.release.xcconfig"; path = "Target Support Files/Pods-myContactList/Pods-myContactList.release.xcconfig"; sourceTree = "<group>"; };
		3A16F72BF23CCA6DA677C31F /* Pods_myContactListUITests.framework */ = {isa = PBXFileReference; explicitFileType = wrapper.framework; includeInIndex = 0; path = Pods_myContactListUITests.framework; sourceTree = BUILT_PRODUCTS_DIR; };
		3C5122AB736C4F5964B6B163 /* Pods-myContactListUITests.debug.xcconfig */ = {isa = PBXFileReference; includeInIndex = 1; lastKnownFileType = text.xcconfig; name = "Pods-myContactListUITests.debug.xcconfig"; path = "Target Support Files/Pods-myContactListUITests/Pods-myContactListUITests.debug.xcconfig"; sourceTree = "<group>"; };
		4D716D62AD450851C4EDB759 /* Pods-myContactList.debug.xcconfig */ = {isa = PBXFileReference; includeInIndex = 1; lastKnownFileType = text.xcconfig; name = "Pods-myContactList.debug.xcconfig"; path = "Target Support Files/Pods-myContactList/Pods-myContactList.debug.xcconfig"; sourceTree = "<group>"; };
		69EFFD0C92FB9C91E1F168B9 /* Pods-myContactListTests.release.xcconfig */ = {isa = PBXFileReference; includeInIndex = 1; lastKnownFileType = text.xcconfig; name = "Pods-myContactListTests.release.xcconfig"; path = "Target Support Files/Pods-myContactListTests/Pods-myContactListTests.release.xcconfig"; sourceTree = "<group>"; };
		A3AE6C077CF13521436FC55F /* Pods_myContactListTests.framework */ = {isa = PBXFileReference; explicitFileType = wrapper.framework; includeInIndex = 0; path = Pods_myContactListTests.framework; sourceTree = BUILT_PRODUCTS_DIR; };
		CD80019768BAF6BC53ABA273 /* Pods-myContactListUITests.release.xcconfig */ = {isa = PBXFileReference; includeInIndex = 1; lastKnownFileType = text.xcconfig; name = "Pods-myContactListUITests.release.xcconfig"; path = "Target Support Files/Pods-myContactListUITests/Pods-myContactListUITests.release.xcconfig"; sourceTree = "<group>"; };
		CE8DF3512287542C00D4A628 /* myContactList.app */ = {isa = PBXFileReference; explicitFileType = wrapper.application; includeInIndex = 0; path = myContactList.app; sourceTree = BUILT_PRODUCTS_DIR; };
		CE8DF3542287542C00D4A628 /* AppDelegate.swift */ = {isa = PBXFileReference; lastKnownFileType = sourcecode.swift; path = AppDelegate.swift; sourceTree = "<group>"; };
		CE8DF3602287542D00D4A628 /* Info.plist */ = {isa = PBXFileReference; lastKnownFileType = text.plist.xml; path = Info.plist; sourceTree = "<group>"; };
		CE8DF3652287542D00D4A628 /* myContactListTests.xctest */ = {isa = PBXFileReference; explicitFileType = wrapper.cfbundle; includeInIndex = 0; path = myContactListTests.xctest; sourceTree = BUILT_PRODUCTS_DIR; };
		CE8DF3692287542D00D4A628 /* myContactListTests.swift */ = {isa = PBXFileReference; lastKnownFileType = sourcecode.swift; path = myContactListTests.swift; sourceTree = "<group>"; };
		CE8DF36B2287542D00D4A628 /* Info.plist */ = {isa = PBXFileReference; lastKnownFileType = text.plist.xml; path = Info.plist; sourceTree = "<group>"; };
		CE8DF3702287542D00D4A628 /* myContactListUITests.xctest */ = {isa = PBXFileReference; explicitFileType = wrapper.cfbundle; includeInIndex = 0; path = myContactListUITests.xctest; sourceTree = BUILT_PRODUCTS_DIR; };
		CE8DF3742287542D00D4A628 /* myContactListUITests.swift */ = {isa = PBXFileReference; lastKnownFileType = sourcecode.swift; path = myContactListUITests.swift; sourceTree = "<group>"; };
		CE8DF3762287542D00D4A628 /* Info.plist */ = {isa = PBXFileReference; lastKnownFileType = text.plist.xml; path = Info.plist; sourceTree = "<group>"; };
		CE8DF3832287EAF200D4A628 /* ExtView.swift */ = {isa = PBXFileReference; fileEncoding = 4; lastKnownFileType = sourcecode.swift; path = ExtView.swift; sourceTree = "<group>"; };
		CE8DF3852287EAF200D4A628 /* Contacts.swift */ = {isa = PBXFileReference; fileEncoding = 4; lastKnownFileType = sourcecode.swift; path = Contacts.swift; sourceTree = "<group>"; };
		CE8DF3872287EAF200D4A628 /* Assets.xcassets */ = {isa = PBXFileReference; lastKnownFileType = folder.assetcatalog; path = Assets.xcassets; sourceTree = "<group>"; };
		CE8DF3892287EAF200D4A628 /* Base */ = {isa = PBXFileReference; lastKnownFileType = file.storyboard; name = Base; path = Base.lproj/LaunchScreen.storyboard; sourceTree = "<group>"; };
		CE8DF38B2287EAF200D4A628 /* Base */ = {isa = PBXFileReference; lastKnownFileType = file.storyboard; name = Base; path = Base.lproj/Main.storyboard; sourceTree = "<group>"; };
		CE8DF38D2287EAF200D4A628 /* AFApiClient.swift */ = {isa = PBXFileReference; fileEncoding = 4; lastKnownFileType = sourcecode.swift; path = AFApiClient.swift; sourceTree = "<group>"; };
		CE8DF38E2287EAF200D4A628 /* ServiceContacts.swift */ = {isa = PBXFileReference; fileEncoding = 4; lastKnownFileType = sourcecode.swift; path = ServiceContacts.swift; sourceTree = "<group>"; };
		CE8DF3912287EAF200D4A628 /* VCContactDetail.swift */ = {isa = PBXFileReference; fileEncoding = 4; lastKnownFileType = sourcecode.swift; path = VCContactDetail.swift; sourceTree = "<group>"; };
		CE8DF3922287EAF200D4A628 /* ViewContactDetail.swift */ = {isa = PBXFileReference; fileEncoding = 4; lastKnownFileType = sourcecode.swift; path = ViewContactDetail.swift; sourceTree = "<group>"; };
		CE8DF3942287EAF200D4A628 /* CellContact.xib */ = {isa = PBXFileReference; fileEncoding = 4; lastKnownFileType = file.xib; path = CellContact.xib; sourceTree = "<group>"; };
		CE8DF3952287EAF200D4A628 /* ViewContactList.xib */ = {isa = PBXFileReference; fileEncoding = 4; lastKnownFileType = file.xib; path = ViewContactList.xib; sourceTree = "<group>"; };
		CE8DF3962287EAF200D4A628 /* CellContact.swift */ = {isa = PBXFileReference; fileEncoding = 4; lastKnownFileType = sourcecode.swift; path = CellContact.swift; sourceTree = "<group>"; };
		CE8DF3972287EAF200D4A628 /* VCContactList.swift */ = {isa = PBXFileReference; fileEncoding = 4; lastKnownFileType = sourcecode.swift; path = VCContactList.swift; sourceTree = "<group>"; };
		CE8DF3982287EAF200D4A628 /* ViewContactList.swift */ = {isa = PBXFileReference; fileEncoding = 4; lastKnownFileType = sourcecode.swift; path = ViewContactList.swift; sourceTree = "<group>"; };
		CE8DF39A2287EAF200D4A628 /* VCContactEdit.swift */ = {isa = PBXFileReference; fileEncoding = 4; lastKnownFileType = sourcecode.swift; path = VCContactEdit.swift; sourceTree = "<group>"; };
		CE8DF39B2287EAF200D4A628 /* ViewContactEdit.swift */ = {isa = PBXFileReference; fileEncoding = 4; lastKnownFileType = sourcecode.swift; path = ViewContactEdit.swift; sourceTree = "<group>"; };
		CE8DF3AC229A983800D4A628 /* ViewContactDetail.xib */ = {isa = PBXFileReference; fileEncoding = 4; lastKnownFileType = file.xib; path = ViewContactDetail.xib; sourceTree = "<group>"; };
		CE8DF3AD229A983800D4A628 /* CellContactDetail.xib */ = {isa = PBXFileReference; fileEncoding = 4; lastKnownFileType = file.xib; path = CellContactDetail.xib; sourceTree = "<group>"; };
		CE8DF3AE229A983800D4A628 /* CellContactDetail.swift */ = {isa = PBXFileReference; fileEncoding = 4; lastKnownFileType = sourcecode.swift; path = CellContactDetail.swift; sourceTree = "<group>"; };
		CE8DF3B4229AAC8A00D4A628 /* ImageRound.swift */ = {isa = PBXFileReference; lastKnownFileType = sourcecode.swift; path = ImageRound.swift; sourceTree = "<group>"; };
		E2F94694529A0B5367C52B17 /* Pods_myContactList.framework */ = {isa = PBXFileReference; explicitFileType = wrapper.framework; includeInIndex = 0; path = Pods_myContactList.framework; sourceTree = BUILT_PRODUCTS_DIR; };
		ED71BA1F3AAB281BF1F5E563 /* Pods-myContactListTests.debug.xcconfig */ = {isa = PBXFileReference; includeInIndex = 1; lastKnownFileType = text.xcconfig; name = "Pods-myContactListTests.debug.xcconfig"; path = "Target Support Files/Pods-myContactListTests/Pods-myContactListTests.debug.xcconfig"; sourceTree = "<group>"; };
/* End PBXFileReference section */

/* Begin PBXFrameworksBuildPhase section */
		CE8DF34E2287542C00D4A628 /* Frameworks */ = {
			isa = PBXFrameworksBuildPhase;
			buildActionMask = 2147483647;
			files = (
				4E97EC20C895ED0F7C3742D4 /* Pods_myContactList.framework in Frameworks */,
			);
			runOnlyForDeploymentPostprocessing = 0;
		};
		CE8DF3622287542D00D4A628 /* Frameworks */ = {
			isa = PBXFrameworksBuildPhase;
			buildActionMask = 2147483647;
			files = (
				071E93F9F6391B809B99052B /* Pods_myContactListTests.framework in Frameworks */,
			);
			runOnlyForDeploymentPostprocessing = 0;
		};
		CE8DF36D2287542D00D4A628 /* Frameworks */ = {
			isa = PBXFrameworksBuildPhase;
			buildActionMask = 2147483647;
			files = (
				4574CD93EE3407F6B1030A7E /* Pods_myContactListUITests.framework in Frameworks */,
			);
			runOnlyForDeploymentPostprocessing = 0;
		};
/* End PBXFrameworksBuildPhase section */

/* Begin PBXGroup section */
		BFDD65977821033F5C9C85BF /* Frameworks */ = {
			isa = PBXGroup;
			children = (
				E2F94694529A0B5367C52B17 /* Pods_myContactList.framework */,
				A3AE6C077CF13521436FC55F /* Pods_myContactListTests.framework */,
				3A16F72BF23CCA6DA677C31F /* Pods_myContactListUITests.framework */,
			);
			name = Frameworks;
			sourceTree = "<group>";
		};
		CE8DF3482287542C00D4A628 = {
			isa = PBXGroup;
			children = (
				CE8DF3532287542C00D4A628 /* myContactList */,
				CE8DF3682287542D00D4A628 /* myContactListTests */,
				CE8DF3732287542D00D4A628 /* myContactListUITests */,
				CE8DF3522287542C00D4A628 /* Products */,
				D695BC00DABFD476F8F5E7A9 /* Pods */,
				BFDD65977821033F5C9C85BF /* Frameworks */,
			);
			sourceTree = "<group>";
		};
		CE8DF3522287542C00D4A628 /* Products */ = {
			isa = PBXGroup;
			children = (
				CE8DF3512287542C00D4A628 /* myContactList.app */,
				CE8DF3652287542D00D4A628 /* myContactListTests.xctest */,
				CE8DF3702287542D00D4A628 /* myContactListUITests.xctest */,
			);
			name = Products;
			sourceTree = "<group>";
		};
		CE8DF3532287542C00D4A628 /* myContactList */ = {
			isa = PBXGroup;
			children = (
				CE8DF38C2287EAF200D4A628 /* API */,
				CE8DF3822287EAF200D4A628 /* Categories */,
				CE8DF3842287EAF200D4A628 /* Model */,
				CE8DF3862287EAF200D4A628 /* Resources */,
				CE8DF38F2287EAF200D4A628 /* View */,
				CE8DF3542287542C00D4A628 /* AppDelegate.swift */,
				CE8DF3602287542D00D4A628 /* Info.plist */,
			);
			path = myContactList;
			sourceTree = "<group>";
		};
		CE8DF3682287542D00D4A628 /* myContactListTests */ = {
			isa = PBXGroup;
			children = (
				CE8DF3692287542D00D4A628 /* myContactListTests.swift */,
				CE8DF36B2287542D00D4A628 /* Info.plist */,
			);
			path = myContactListTests;
			sourceTree = "<group>";
		};
		CE8DF3732287542D00D4A628 /* myContactListUITests */ = {
			isa = PBXGroup;
			children = (
				CE8DF3742287542D00D4A628 /* myContactListUITests.swift */,
				CE8DF3762287542D00D4A628 /* Info.plist */,
			);
			path = myContactListUITests;
			sourceTree = "<group>";
		};
		CE8DF3822287EAF200D4A628 /* Categories */ = {
			isa = PBXGroup;
			children = (
				CE8DF3832287EAF200D4A628 /* ExtView.swift */,
				CE8DF3B4229AAC8A00D4A628 /* ImageRound.swift */,
			);
			path = Categories;
			sourceTree = "<group>";
		};
		CE8DF3842287EAF200D4A628 /* Model */ = {
			isa = PBXGroup;
			children = (
				CE8DF3852287EAF200D4A628 /* Contacts.swift */,
			);
			path = Model;
			sourceTree = "<group>";
		};
		CE8DF3862287EAF200D4A628 /* Resources */ = {
			isa = PBXGroup;
			children = (
				CE8DF3872287EAF200D4A628 /* Assets.xcassets */,
				CE8DF3882287EAF200D4A628 /* LaunchScreen.storyboard */,
				CE8DF38A2287EAF200D4A628 /* Main.storyboard */,
			);
			path = Resources;
			sourceTree = "<group>";
		};
		CE8DF38C2287EAF200D4A628 /* API */ = {
			isa = PBXGroup;
			children = (
				CE8DF38D2287EAF200D4A628 /* AFApiClient.swift */,
				CE8DF38E2287EAF200D4A628 /* ServiceContacts.swift */,
			);
			path = API;
			sourceTree = "<group>";
		};
		CE8DF38F2287EAF200D4A628 /* View */ = {
			isa = PBXGroup;
			children = (
				CE8DF3932287EAF200D4A628 /* ContactList */,
				CE8DF3902287EAF200D4A628 /* ContactDetail */,
				CE8DF3992287EAF200D4A628 /* ContactEdit */,
			);
			path = View;
			sourceTree = "<group>";
		};
		CE8DF3902287EAF200D4A628 /* ContactDetail */ = {
			isa = PBXGroup;
			children = (
				CE8DF3AE229A983800D4A628 /* CellContactDetail.swift */,
				CE8DF3AD229A983800D4A628 /* CellContactDetail.xib */,
				CE8DF3AC229A983800D4A628 /* ViewContactDetail.xib */,
				CE8DF3912287EAF200D4A628 /* VCContactDetail.swift */,
				CE8DF3922287EAF200D4A628 /* ViewContactDetail.swift */,
			);
			path = ContactDetail;
			sourceTree = "<group>";
		};
		CE8DF3932287EAF200D4A628 /* ContactList */ = {
			isa = PBXGroup;
			children = (
				CE8DF3942287EAF200D4A628 /* CellContact.xib */,
				CE8DF3952287EAF200D4A628 /* ViewContactList.xib */,
				CE8DF3972287EAF200D4A628 /* VCContactList.swift */,
				CE8DF3982287EAF200D4A628 /* ViewContactList.swift */,
				CE8DF3962287EAF200D4A628 /* CellContact.swift */,
			);
			path = ContactList;
			sourceTree = "<group>";
		};
		CE8DF3992287EAF200D4A628 /* ContactEdit */ = {
			isa = PBXGroup;
			children = (
				CE8DF39A2287EAF200D4A628 /* VCContactEdit.swift */,
				CE8DF39B2287EAF200D4A628 /* ViewContactEdit.swift */,
			);
			path = ContactEdit;
			sourceTree = "<group>";
		};
		D695BC00DABFD476F8F5E7A9 /* Pods */ = {
			isa = PBXGroup;
			children = (
				4D716D62AD450851C4EDB759 /* Pods-myContactList.debug.xcconfig */,
				0CC046654F36EAD9618D1E0A /* Pods-myContactList.release.xcconfig */,
				ED71BA1F3AAB281BF1F5E563 /* Pods-myContactListTests.debug.xcconfig */,
				69EFFD0C92FB9C91E1F168B9 /* Pods-myContactListTests.release.xcconfig */,
				3C5122AB736C4F5964B6B163 /* Pods-myContactListUITests.debug.xcconfig */,
				CD80019768BAF6BC53ABA273 /* Pods-myContactListUITests.release.xcconfig */,
			);
			path = Pods;
			sourceTree = "<group>";
		};
/* End PBXGroup section */

/* Begin PBXNativeTarget section */
		CE8DF3502287542C00D4A628 /* myContactList */ = {
			isa = PBXNativeTarget;
			buildConfigurationList = CE8DF3792287542D00D4A628 /* Build configuration list for PBXNativeTarget "myContactList" */;
			buildPhases = (
				A267E4B36701770CA3788E03 /* [CP] Check Pods Manifest.lock */,
				CE8DF34D2287542C00D4A628 /* Sources */,
				CE8DF34E2287542C00D4A628 /* Frameworks */,
				CE8DF34F2287542C00D4A628 /* Resources */,
				DD5E45D27DBD12DACB160FEE /* [CP] Embed Pods Frameworks */,
			);
			buildRules = (
			);
			dependencies = (
			);
			name = myContactList;
			productName = myContactList;
			productReference = CE8DF3512287542C00D4A628 /* myContactList.app */;
			productType = "com.apple.product-type.application";
		};
		CE8DF3642287542D00D4A628 /* myContactListTests */ = {
			isa = PBXNativeTarget;
			buildConfigurationList = CE8DF37C2287542D00D4A628 /* Build configuration list for PBXNativeTarget "myContactListTests" */;
			buildPhases = (
				50B925B63B7C4296538D366E /* [CP] Check Pods Manifest.lock */,
				CE8DF3612287542D00D4A628 /* Sources */,
				CE8DF3622287542D00D4A628 /* Frameworks */,
				CE8DF3632287542D00D4A628 /* Resources */,
			);
			buildRules = (
			);
			dependencies = (
				CE8DF3672287542D00D4A628 /* PBXTargetDependency */,
			);
			name = myContactListTests;
			productName = myContactListTests;
			productReference = CE8DF3652287542D00D4A628 /* myContactListTests.xctest */;
			productType = "com.apple.product-type.bundle.unit-test";
		};
		CE8DF36F2287542D00D4A628 /* myContactListUITests */ = {
			isa = PBXNativeTarget;
			buildConfigurationList = CE8DF37F2287542D00D4A628 /* Build configuration list for PBXNativeTarget "myContactListUITests" */;
			buildPhases = (
				868753EC0FB2A860D5189AF5 /* [CP] Check Pods Manifest.lock */,
				CE8DF36C2287542D00D4A628 /* Sources */,
				CE8DF36D2287542D00D4A628 /* Frameworks */,
				CE8DF36E2287542D00D4A628 /* Resources */,
			);
			buildRules = (
			);
			dependencies = (
				CE8DF3722287542D00D4A628 /* PBXTargetDependency */,
			);
			name = myContactListUITests;
			productName = myContactListUITests;
			productReference = CE8DF3702287542D00D4A628 /* myContactListUITests.xctest */;
			productType = "com.apple.product-type.bundle.ui-testing";
		};
/* End PBXNativeTarget section */

/* Begin PBXProject section */
		CE8DF3492287542C00D4A628 /* Project object */ = {
			isa = PBXProject;
			attributes = {
				LastSwiftUpdateCheck = 1020;
				LastUpgradeCheck = 1020;
				ORGANIZATIONNAME = lucy;
				TargetAttributes = {
					CE8DF3502287542C00D4A628 = {
						CreatedOnToolsVersion = 10.2;
					};
					CE8DF3642287542D00D4A628 = {
						CreatedOnToolsVersion = 10.2;
						TestTargetID = CE8DF3502287542C00D4A628;
					};
					CE8DF36F2287542D00D4A628 = {
						CreatedOnToolsVersion = 10.2;
						TestTargetID = CE8DF3502287542C00D4A628;
					};
				};
			};
			buildConfigurationList = CE8DF34C2287542C00D4A628 /* Build configuration list for PBXProject "myContactList" */;
			compatibilityVersion = "Xcode 9.3";
			developmentRegion = en;
			hasScannedForEncodings = 0;
			knownRegions = (
				en,
				Base,
			);
			mainGroup = CE8DF3482287542C00D4A628;
			productRefGroup = CE8DF3522287542C00D4A628 /* Products */;
			projectDirPath = "";
			projectRoot = "";
			targets = (
				CE8DF3502287542C00D4A628 /* myContactList */,
				CE8DF3642287542D00D4A628 /* myContactListTests */,
				CE8DF36F2287542D00D4A628 /* myContactListUITests */,
			);
		};
/* End PBXProject section */

/* Begin PBXResourcesBuildPhase section */
		CE8DF34F2287542C00D4A628 /* Resources */ = {
			isa = PBXResourcesBuildPhase;
			buildActionMask = 2147483647;
			files = (
				CE8DF3A52287EAF200D4A628 /* CellContact.xib in Resources */,
				CE8DF3A62287EAF200D4A628 /* ViewContactList.xib in Resources */,
				CE8DF3B0229A983800D4A628 /* CellContactDetail.xib in Resources */,
				CE8DF3A02287EAF200D4A628 /* Main.storyboard in Resources */,
				CE8DF39E2287EAF200D4A628 /* Assets.xcassets in Resources */,
				CE8DF3AF229A983800D4A628 /* ViewContactDetail.xib in Resources */,
				CE8DF39F2287EAF200D4A628 /* LaunchScreen.storyboard in Resources */,
			);
			runOnlyForDeploymentPostprocessing = 0;
		};
		CE8DF3632287542D00D4A628 /* Resources */ = {
			isa = PBXResourcesBuildPhase;
			buildActionMask = 2147483647;
			files = (
			);
			runOnlyForDeploymentPostprocessing = 0;
		};
		CE8DF36E2287542D00D4A628 /* Resources */ = {
			isa = PBXResourcesBuildPhase;
			buildActionMask = 2147483647;
			files = (
			);
			runOnlyForDeploymentPostprocessing = 0;
		};
/* End PBXResourcesBuildPhase section */

/* Begin PBXShellScriptBuildPhase section */
		50B925B63B7C4296538D366E /* [CP] Check Pods Manifest.lock */ = {
			isa = PBXShellScriptBuildPhase;
			buildActionMask = 2147483647;
			files = (
			);
			inputFileListPaths = (
			);
			inputPaths = (
				"${PODS_PODFILE_DIR_PATH}/Podfile.lock",
				"${PODS_ROOT}/Manifest.lock",
			);
			name = "[CP] Check Pods Manifest.lock";
			outputFileListPaths = (
			);
			outputPaths = (
				"$(DERIVED_FILE_DIR)/Pods-myContactListTests-checkManifestLockResult.txt",
			);
			runOnlyForDeploymentPostprocessing = 0;
			shellPath = /bin/sh;
			shellScript = "diff \"${PODS_PODFILE_DIR_PATH}/Podfile.lock\" \"${PODS_ROOT}/Manifest.lock\" > /dev/null\nif [ $? != 0 ] ; then\n    # print error to STDERR\n    echo \"error: The sandbox is not in sync with the Podfile.lock. Run 'pod install' or update your CocoaPods installation.\" >&2\n    exit 1\nfi\n# This output is used by Xcode 'outputs' to avoid re-running this script phase.\necho \"SUCCESS\" > \"${SCRIPT_OUTPUT_FILE_0}\"\n";
			showEnvVarsInLog = 0;
		};
		868753EC0FB2A860D5189AF5 /* [CP] Check Pods Manifest.lock */ = {
			isa = PBXShellScriptBuildPhase;
			buildActionMask = 2147483647;
			files = (
			);
			inputFileListPaths = (
			);
			inputPaths = (
				"${PODS_PODFILE_DIR_PATH}/Podfile.lock",
				"${PODS_ROOT}/Manifest.lock",
			);
			name = "[CP] Check Pods Manifest.lock";
			outputFileListPaths = (
			);
			outputPaths = (
				"$(DERIVED_FILE_DIR)/Pods-myContactListUITests-checkManifestLockResult.txt",
			);
			runOnlyForDeploymentPostprocessing = 0;
			shellPath = /bin/sh;
			shellScript = "diff \"${PODS_PODFILE_DIR_PATH}/Podfile.lock\" \"${PODS_ROOT}/Manifest.lock\" > /dev/null\nif [ $? != 0 ] ; then\n    # print error to STDERR\n    echo \"error: The sandbox is not in sync with the Podfile.lock. Run 'pod install' or update your CocoaPods installation.\" >&2\n    exit 1\nfi\n# This output is used by Xcode 'outputs' to avoid re-running this script phase.\necho \"SUCCESS\" > \"${SCRIPT_OUTPUT_FILE_0}\"\n";
			showEnvVarsInLog = 0;
		};
		A267E4B36701770CA3788E03 /* [CP] Check Pods Manifest.lock */ = {
			isa = PBXShellScriptBuildPhase;
			buildActionMask = 2147483647;
			files = (
			);
			inputFileListPaths = (
			);
			inputPaths = (
				"${PODS_PODFILE_DIR_PATH}/Podfile.lock",
				"${PODS_ROOT}/Manifest.lock",
			);
			name = "[CP] Check Pods Manifest.lock";
			outputFileListPaths = (
			);
			outputPaths = (
				"$(DERIVED_FILE_DIR)/Pods-myContactList-checkManifestLockResult.txt",
			);
			runOnlyForDeploymentPostprocessing = 0;
			shellPath = /bin/sh;
			shellScript = "diff \"${PODS_PODFILE_DIR_PATH}/Podfile.lock\" \"${PODS_ROOT}/Manifest.lock\" > /dev/null\nif [ $? != 0 ] ; then\n    # print error to STDERR\n    echo \"error: The sandbox is not in sync with the Podfile.lock. Run 'pod install' or update your CocoaPods installation.\" >&2\n    exit 1\nfi\n# This output is used by Xcode 'outputs' to avoid re-running this script phase.\necho \"SUCCESS\" > \"${SCRIPT_OUTPUT_FILE_0}\"\n";
			showEnvVarsInLog = 0;
		};
		DD5E45D27DBD12DACB160FEE /* [CP] Embed Pods Frameworks */ = {
			isa = PBXShellScriptBuildPhase;
			buildActionMask = 2147483647;
			files = (
			);
			inputFileListPaths = (
			);
			inputPaths = (
				"${PODS_ROOT}/Target Support Files/Pods-myContactList/Pods-myContactList-frameworks.sh",
				"${BUILT_PRODUCTS_DIR}/Alamofire/Alamofire.framework",
				"${BUILT_PRODUCTS_DIR}/Kingfisher/Kingfisher.framework",
				"${BUILT_PRODUCTS_DIR}/SwiftyJSON/SwiftyJSON.framework",
			);
			name = "[CP] Embed Pods Frameworks";
			outputFileListPaths = (
			);
			outputPaths = (
				"${TARGET_BUILD_DIR}/${FRAMEWORKS_FOLDER_PATH}/Alamofire.framework",
				"${TARGET_BUILD_DIR}/${FRAMEWORKS_FOLDER_PATH}/Kingfisher.framework",
				"${TARGET_BUILD_DIR}/${FRAMEWORKS_FOLDER_PATH}/SwiftyJSON.framework",
			);
			runOnlyForDeploymentPostprocessing = 0;
			shellPath = /bin/sh;
			shellScript = "\"${PODS_ROOT}/Target Support Files/Pods-myContactList/Pods-myContactList-frameworks.sh\"\n";
			showEnvVarsInLog = 0;
		};
/* End PBXShellScriptBuildPhase section */

/* Begin PBXSourcesBuildPhase section */
		CE8DF34D2287542C00D4A628 /* Sources */ = {
			isa = PBXSourcesBuildPhase;
			buildActionMask = 2147483647;
			files = (
				CE8DF3A72287EAF200D4A628 /* CellContact.swift in Sources */,
				CE8DF3AB2287EAF200D4A628 /* ViewContactEdit.swift in Sources */,
				CE8DF3A92287EAF200D4A628 /* ViewContactList.swift in Sources */,
				CE8DF3A12287EAF200D4A628 /* AFApiClient.swift in Sources */,
				CE8DF3A22287EAF200D4A628 /* ServiceContacts.swift in Sources */,
				CE8DF3A82287EAF200D4A628 /* VCContactList.swift in Sources */,
				CE8DF39C2287EAF200D4A628 /* ExtView.swift in Sources */,
				CE8DF3B1229A983800D4A628 /* CellContactDetail.swift in Sources */,
				CE8DF3A42287EAF200D4A628 /* ViewContactDetail.swift in Sources */,
				CE8DF3552287542C00D4A628 /* AppDelegate.swift in Sources */,
				CE8DF3A32287EAF200D4A628 /* VCContactDetail.swift in Sources */,
				CE8DF39D2287EAF200D4A628 /* Contacts.swift in Sources */,
				CE8DF3B5229AAC8A00D4A628 /* ImageRound.swift in Sources */,
				CE8DF3AA2287EAF200D4A628 /* VCContactEdit.swift in Sources */,
			);
			runOnlyForDeploymentPostprocessing = 0;
		};
		CE8DF3612287542D00D4A628 /* Sources */ = {
			isa = PBXSourcesBuildPhase;
			buildActionMask = 2147483647;
			files = (
				CE8DF36A2287542D00D4A628 /* myContactListTests.swift in Sources */,
			);
			runOnlyForDeploymentPostprocessing = 0;
		};
		CE8DF36C2287542D00D4A628 /* Sources */ = {
			isa = PBXSourcesBuildPhase;
			buildActionMask = 2147483647;
			files = (
				CE8DF3752287542D00D4A628 /* myContactListUITests.swift in Sources */,
			);
			runOnlyForDeploymentPostprocessing = 0;
		};
/* End PBXSourcesBuildPhase section */

/* Begin PBXTargetDependency section */
		CE8DF3672287542D00D4A628 /* PBXTargetDependency */ = {
			isa = PBXTargetDependency;
			target = CE8DF3502287542C00D4A628 /* myContactList */;
			targetProxy = CE8DF3662287542D00D4A628 /* PBXContainerItemProxy */;
		};
		CE8DF3722287542D00D4A628 /* PBXTargetDependency */ = {
			isa = PBXTargetDependency;
			target = CE8DF3502287542C00D4A628 /* myContactList */;
			targetProxy = CE8DF3712287542D00D4A628 /* PBXContainerItemProxy */;
		};
/* End PBXTargetDependency section */

/* Begin PBXVariantGroup section */
		CE8DF3882287EAF200D4A628 /* LaunchScreen.storyboard */ = {
			isa = PBXVariantGroup;
			children = (
				CE8DF3892287EAF200D4A628 /* Base */,
			);
			name = LaunchScreen.storyboard;
			sourceTree = "<group>";
		};
		CE8DF38A2287EAF200D4A628 /* Main.storyboard */ = {
			isa = PBXVariantGroup;
			children = (
				CE8DF38B2287EAF200D4A628 /* Base */,
			);
			name = Main.storyboard;
			sourceTree = "<group>";
		};
/* End PBXVariantGroup section */

/* Begin XCBuildConfiguration section */
		CE8DF3772287542D00D4A628 /* Debug */ = {
			isa = XCBuildConfiguration;
			buildSettings = {
				ALWAYS_SEARCH_USER_PATHS = NO;
				CLANG_ANALYZER_NONNULL = YES;
				CLANG_ANALYZER_NUMBER_OBJECT_CONVERSION = YES_AGGRESSIVE;
				CLANG_CXX_LANGUAGE_STANDARD = "gnu++14";
				CLANG_CXX_LIBRARY = "libc++";
				CLANG_ENABLE_MODULES = YES;
				CLANG_ENABLE_OBJC_ARC = YES;
				CLANG_ENABLE_OBJC_WEAK = YES;
				CLANG_WARN_BLOCK_CAPTURE_AUTORELEASING = YES;
				CLANG_WARN_BOOL_CONVERSION = YES;
				CLANG_WARN_COMMA = YES;
				CLANG_WARN_CONSTANT_CONVERSION = YES;
				CLANG_WARN_DEPRECATED_OBJC_IMPLEMENTATIONS = YES;
				CLANG_WARN_DIRECT_OBJC_ISA_USAGE = YES_ERROR;
				CLANG_WARN_DOCUMENTATION_COMMENTS = YES;
				CLANG_WARN_EMPTY_BODY = YES;
				CLANG_WARN_ENUM_CONVERSION = YES;
				CLANG_WARN_INFINITE_RECURSION = YES;
				CLANG_WARN_INT_CONVERSION = YES;
				CLANG_WARN_NON_LITERAL_NULL_CONVERSION = YES;
				CLANG_WARN_OBJC_IMPLICIT_RETAIN_SELF = YES;
				CLANG_WARN_OBJC_LITERAL_CONVERSION = YES;
				CLANG_WARN_OBJC_ROOT_CLASS = YES_ERROR;
				CLANG_WARN_RANGE_LOOP_ANALYSIS = YES;
				CLANG_WARN_STRICT_PROTOTYPES = YES;
				CLANG_WARN_SUSPICIOUS_MOVE = YES;
				CLANG_WARN_UNGUARDED_AVAILABILITY = YES_AGGRESSIVE;
				CLANG_WARN_UNREACHABLE_CODE = YES;
				CLANG_WARN__DUPLICATE_METHOD_MATCH = YES;
				CODE_SIGN_IDENTITY = "iPhone Developer";
				COPY_PHASE_STRIP = NO;
				DEBUG_INFORMATION_FORMAT = dwarf;
				ENABLE_STRICT_OBJC_MSGSEND = YES;
				ENABLE_TESTABILITY = YES;
				GCC_C_LANGUAGE_STANDARD = gnu11;
				GCC_DYNAMIC_NO_PIC = NO;
				GCC_NO_COMMON_BLOCKS = YES;
				GCC_OPTIMIZATION_LEVEL = 0;
				GCC_PREPROCESSOR_DEFINITIONS = (
					"DEBUG=1",
					"$(inherited)",
				);
				GCC_WARN_64_TO_32_BIT_CONVERSION = YES;
				GCC_WARN_ABOUT_RETURN_TYPE = YES_ERROR;
				GCC_WARN_UNDECLARED_SELECTOR = YES;
				GCC_WARN_UNINITIALIZED_AUTOS = YES_AGGRESSIVE;
				GCC_WARN_UNUSED_FUNCTION = YES;
				GCC_WARN_UNUSED_VARIABLE = YES;
				IPHONEOS_DEPLOYMENT_TARGET = 12.2;
				MTL_ENABLE_DEBUG_INFO = INCLUDE_SOURCE;
				MTL_FAST_MATH = YES;
				ONLY_ACTIVE_ARCH = YES;
				SDKROOT = iphoneos;
				SWIFT_ACTIVE_COMPILATION_CONDITIONS = DEBUG;
				SWIFT_OPTIMIZATION_LEVEL = "-Onone";
			};
			name = Debug;
		};
		CE8DF3782287542D00D4A628 /* Release */ = {
			isa = XCBuildConfiguration;
			buildSettings = {
				ALWAYS_SEARCH_USER_PATHS = NO;
				CLANG_ANALYZER_NONNULL = YES;
				CLANG_ANALYZER_NUMBER_OBJECT_CONVERSION = YES_AGGRESSIVE;
				CLANG_CXX_LANGUAGE_STANDARD = "gnu++14";
				CLANG_CXX_LIBRARY = "libc++";
				CLANG_ENABLE_MODULES = YES;
				CLANG_ENABLE_OBJC_ARC = YES;
				CLANG_ENABLE_OBJC_WEAK = YES;
				CLANG_WARN_BLOCK_CAPTURE_AUTORELEASING = YES;
				CLANG_WARN_BOOL_CONVERSION = YES;
				CLANG_WARN_COMMA = YES;
				CLANG_WARN_CONSTANT_CONVERSION = YES;
				CLANG_WARN_DEPRECATED_OBJC_IMPLEMENTATIONS = YES;
				CLANG_WARN_DIRECT_OBJC_ISA_USAGE = YES_ERROR;
				CLANG_WARN_DOCUMENTATION_COMMENTS = YES;
				CLANG_WARN_EMPTY_BODY = YES;
				CLANG_WARN_ENUM_CONVERSION = YES;
				CLANG_WARN_INFINITE_RECURSION = YES;
				CLANG_WARN_INT_CONVERSION = YES;
				CLANG_WARN_NON_LITERAL_NULL_CONVERSION = YES;
				CLANG_WARN_OBJC_IMPLICIT_RETAIN_SELF = YES;
				CLANG_WARN_OBJC_LITERAL_CONVERSION = YES;
				CLANG_WARN_OBJC_ROOT_CLASS = YES_ERROR;
				CLANG_WARN_RANGE_LOOP_ANALYSIS = YES;
				CLANG_WARN_STRICT_PROTOTYPES = YES;
				CLANG_WARN_SUSPICIOUS_MOVE = YES;
				CLANG_WARN_UNGUARDED_AVAILABILITY = YES_AGGRESSIVE;
				CLANG_WARN_UNREACHABLE_CODE = YES;
				CLANG_WARN__DUPLICATE_METHOD_MATCH = YES;
				CODE_SIGN_IDENTITY = "iPhone Developer";
				COPY_PHASE_STRIP = NO;
				DEBUG_INFORMATION_FORMAT = "dwarf-with-dsym";
				ENABLE_NS_ASSERTIONS = NO;
				ENABLE_STRICT_OBJC_MSGSEND = YES;
				GCC_C_LANGUAGE_STANDARD = gnu11;
				GCC_NO_COMMON_BLOCKS = YES;
				GCC_WARN_64_TO_32_BIT_CONVERSION = YES;
				GCC_WARN_ABOUT_RETURN_TYPE = YES_ERROR;
				GCC_WARN_UNDECLARED_SELECTOR = YES;
				GCC_WARN_UNINITIALIZED_AUTOS = YES_AGGRESSIVE;
				GCC_WARN_UNUSED_FUNCTION = YES;
				GCC_WARN_UNUSED_VARIABLE = YES;
				IPHONEOS_DEPLOYMENT_TARGET = 12.2;
				MTL_ENABLE_DEBUG_INFO = NO;
				MTL_FAST_MATH = YES;
				SDKROOT = iphoneos;
				SWIFT_COMPILATION_MODE = wholemodule;
				SWIFT_OPTIMIZATION_LEVEL = "-O";
				VALIDATE_PRODUCT = YES;
			};
			name = Release;
		};
		CE8DF37A2287542D00D4A628 /* Debug */ = {
			isa = XCBuildConfiguration;
			baseConfigurationReference = 4D716D62AD450851C4EDB759 /* Pods-myContactList.debug.xcconfig */;
			buildSettings = {
				ASSETCATALOG_COMPILER_APPICON_NAME = AppIcon;
				CODE_SIGN_STYLE = Automatic;
				INFOPLIST_FILE = myContactList/Info.plist;
				LD_RUNPATH_SEARCH_PATHS = (
					"$(inherited)",
					"@executable_path/Frameworks",
				);
				PRODUCT_BUNDLE_IDENTIFIER = lucy.myContactList;
				PRODUCT_NAME = "$(TARGET_NAME)";
				SWIFT_VERSION = 5.0;
				TARGETED_DEVICE_FAMILY = "1,2";
			};
			name = Debug;
		};
		CE8DF37B2287542D00D4A628 /* Release */ = {
			isa = XCBuildConfiguration;
			baseConfigurationReference = 0CC046654F36EAD9618D1E0A /* Pods-myContactList.release.xcconfig */;
			buildSettings = {
				ASSETCATALOG_COMPILER_APPICON_NAME = AppIcon;
				CODE_SIGN_STYLE = Automatic;
				INFOPLIST_FILE = myContactList/Info.plist;
				LD_RUNPATH_SEARCH_PATHS = (
					"$(inherited)",
					"@executable_path/Frameworks",
				);
				PRODUCT_BUNDLE_IDENTIFIER = lucy.myContactList;
				PRODUCT_NAME = "$(TARGET_NAME)";
				SWIFT_VERSION = 5.0;
				TARGETED_DEVICE_FAMILY = "1,2";
			};
			name = Release;
		};
		CE8DF37D2287542D00D4A628 /* Debug */ = {
			isa = XCBuildConfiguration;
			baseConfigurationReference = ED71BA1F3AAB281BF1F5E563 /* Pods-myContactListTests.debug.xcconfig */;
			buildSettings = {
				ALWAYS_EMBED_SWIFT_STANDARD_LIBRARIES = YES;
				BUNDLE_LOADER = "$(TEST_HOST)";
				CODE_SIGN_STYLE = Automatic;
				INFOPLIST_FILE = myContactListTests/Info.plist;
				LD_RUNPATH_SEARCH_PATHS = (
					"$(inherited)",
					"@executable_path/Frameworks",
					"@loader_path/Frameworks",
				);
				PRODUCT_BUNDLE_IDENTIFIER = lucy.myContactListTests;
				PRODUCT_NAME = "$(TARGET_NAME)";
				SWIFT_VERSION = 5.0;
				TARGETED_DEVICE_FAMILY = "1,2";
				TEST_HOST = "$(BUILT_PRODUCTS_DIR)/myContactList.app/myContactList";
			};
			name = Debug;
		};
		CE8DF37E2287542D00D4A628 /* Release */ = {
			isa = XCBuildConfiguration;
			baseConfigurationReference = 69EFFD0C92FB9C91E1F168B9 /* Pods-myContactListTests.release.xcconfig */;
			buildSettings = {
				ALWAYS_EMBED_SWIFT_STANDARD_LIBRARIES = YES;
				BUNDLE_LOADER = "$(TEST_HOST)";
				CODE_SIGN_STYLE = Automatic;
				INFOPLIST_FILE = myContactListTests/Info.plist;
				LD_RUNPATH_SEARCH_PATHS = (
					"$(inherited)",
					"@executable_path/Frameworks",
					"@loader_path/Frameworks",
				);
				PRODUCT_BUNDLE_IDENTIFIER = lucy.myContactListTests;
				PRODUCT_NAME = "$(TARGET_NAME)";
				SWIFT_VERSION = 5.0;
				TARGETED_DEVICE_FAMILY = "1,2";
				TEST_HOST = "$(BUILT_PRODUCTS_DIR)/myContactList.app/myContactList";
			};
			name = Release;
		};
		CE8DF3802287542D00D4A628 /* Debug */ = {
			isa = XCBuildConfiguration;
			baseConfigurationReference = 3C5122AB736C4F5964B6B163 /* Pods-myContactListUITests.debug.xcconfig */;
			buildSettings = {
				ALWAYS_EMBED_SWIFT_STANDARD_LIBRARIES = YES;
				CODE_SIGN_STYLE = Automatic;
				INFOPLIST_FILE = myContactListUITests/Info.plist;
				LD_RUNPATH_SEARCH_PATHS = (
					"$(inherited)",
					"@executable_path/Frameworks",
					"@loader_path/Frameworks",
				);
				PRODUCT_BUNDLE_IDENTIFIER = lucy.myContactListUITests;
				PRODUCT_NAME = "$(TARGET_NAME)";
				SWIFT_VERSION = 5.0;
				TARGETED_DEVICE_FAMILY = "1,2";
				TEST_TARGET_NAME = myContactList;
			};
			name = Debug;
		};
		CE8DF3812287542D00D4A628 /* Release */ = {
			isa = XCBuildConfiguration;
			baseConfigurationReference = CD80019768BAF6BC53ABA273 /* Pods-myContactListUITests.release.xcconfig */;
			buildSettings = {
				ALWAYS_EMBED_SWIFT_STANDARD_LIBRARIES = YES;
				CODE_SIGN_STYLE = Automatic;
				INFOPLIST_FILE = myContactListUITests/Info.plist;
				LD_RUNPATH_SEARCH_PATHS = (
					"$(inherited)",
					"@executable_path/Frameworks",
					"@loader_path/Frameworks",
				);
				PRODUCT_BUNDLE_IDENTIFIER = lucy.myContactListUITests;
				PRODUCT_NAME = "$(TARGET_NAME)";
				SWIFT_VERSION = 5.0;
				TARGETED_DEVICE_FAMILY = "1,2";
				TEST_TARGET_NAME = myContactList;
			};
			name = Release;
		};
/* End XCBuildConfiguration section */

/* Begin XCConfigurationList section */
		CE8DF34C2287542C00D4A628 /* Build configuration list for PBXProject "myContactList" */ = {
			isa = XCConfigurationList;
			buildConfigurations = (
				CE8DF3772287542D00D4A628 /* Debug */,
				CE8DF3782287542D00D4A628 /* Release */,
			);
			defaultConfigurationIsVisible = 0;
			defaultConfigurationName = Release;
		};
		CE8DF3792287542D00D4A628 /* Build configuration list for PBXNativeTarget "myContactList" */ = {
			isa = XCConfigurationList;
			buildConfigurations = (
				CE8DF37A2287542D00D4A628 /* Debug */,
				CE8DF37B2287542D00D4A628 /* Release */,
			);
			defaultConfigurationIsVisible = 0;
			defaultConfigurationName = Release;
		};
		CE8DF37C2287542D00D4A628 /* Build configuration list for PBXNativeTarget "myContactListTests" */ = {
			isa = XCConfigurationList;
			buildConfigurations = (
				CE8DF37D2287542D00D4A628 /* Debug */,
				CE8DF37E2287542D00D4A628 /* Release */,
			);
			defaultConfigurationIsVisible = 0;
			defaultConfigurationName = Release;
		};
		CE8DF37F2287542D00D4A628 /* Build configuration list for PBXNativeTarget "myContactListUITests" */ = {
			isa = XCConfigurationList;
			buildConfigurations = (
				CE8DF3802287542D00D4A628 /* Debug */,
				CE8DF3812287542D00D4A628 /* Release */,
			);
			defaultConfigurationIsVisible = 0;
			defaultConfigurationName = Release;
		};
/* End XCConfigurationList section */
	};
	rootObject = CE8DF3492287542C00D4A628 /* Project object */;
}
